lockfileVersion: '6.0'

importers:

  .: {}

  packages/basic: {}

  packages/node:
    dependencies:
      '@mistjs/tsconfig':
        specifier: workspace:*
        version: link:../basic

  packages/react:
    dependencies:
      '@mistjs/tsconfig':
        specifier: workspace:^
        version: link:../basic

  packages/vue:
    dependencies:
      '@mistjs/tsconfig':
        specifier: workspace:^
        version: link:../basic
